// !$*UTF8*$!
{
	archiveVersion = 1;
	classes = {
	};
	objectVersion = 46;
	objects = {

/* Begin PBXBuildFile section */
		532938701DAF527500235BFF /* ProblemDetailTableViewCell.swift in Sources */ = {isa = PBXBuildFile; fileRef = 5329386F1DAF527500235BFF /* ProblemDetailTableViewCell.swift */; };
		532938721DAF528700235BFF /* DiscussionTableViewCell.swift in Sources */ = {isa = PBXBuildFile; fileRef = 532938711DAF528700235BFF /* DiscussionTableViewCell.swift */; };
		532938741DAF590900235BFF /* DiscussionModel.swift in Sources */ = {isa = PBXBuildFile; fileRef = 532938731DAF590900235BFF /* DiscussionModel.swift */; };
		5377F7B01DACBB4100CB98A8 /* LCXResponse.swift in Sources */ = {isa = PBXBuildFile; fileRef = 5377F7AF1DACBB4100CB98A8 /* LCXResponse.swift */; };
		5377F7B21DAD47B000CB98A8 /* LCXGlobals.swift in Sources */ = {isa = PBXBuildFile; fileRef = 5377F7B11DAD47B000CB98A8 /* LCXGlobals.swift */; };
		5377F7B41DAD535200CB98A8 /* RequestExtension.swift in Sources */ = {isa = PBXBuildFile; fileRef = 5377F7B31DAD535200CB98A8 /* RequestExtension.swift */; };
		53871F291DAB5694002459AD /* LCXSettings.swift in Sources */ = {isa = PBXBuildFile; fileRef = 53871F281DAB5694002459AD /* LCXSettings.swift */; };
		53871F2B1DAB56E0002459AD /* Assets.xcassets in Resources */ = {isa = PBXBuildFile; fileRef = 53871F2A1DAB56E0002459AD /* Assets.xcassets */; };
		53871F2E1DAB56FC002459AD /* UIImageExtension.swift in Sources */ = {isa = PBXBuildFile; fileRef = 53871F2D1DAB56FC002459AD /* UIImageExtension.swift */; };
		53B850541DAE0FCC00145652 /* ProblemDetailViewController.swift in Sources */ = {isa = PBXBuildFile; fileRef = 53B850531DAE0FCC00145652 /* ProblemDetailViewController.swift */; };
		53B850561DAE22A700145652 /* ProblemDetailModel.swift in Sources */ = {isa = PBXBuildFile; fileRef = 53B850551DAE22A700145652 /* ProblemDetailModel.swift */; };
		53CC00081DAAABD2008E3223 /* AppDelegate.swift in Sources */ = {isa = PBXBuildFile; fileRef = 53CC00071DAAABD2008E3223 /* AppDelegate.swift */; };
		53CC000A1DAAABD2008E3223 /* ViewController.swift in Sources */ = {isa = PBXBuildFile; fileRef = 53CC00091DAAABD2008E3223 /* ViewController.swift */; };
		53CC000D1DAAABD2008E3223 /* Main.storyboard in Resources */ = {isa = PBXBuildFile; fileRef = 53CC000B1DAAABD2008E3223 /* Main.storyboard */; };
		53CC00101DAAABD2008E3223 /* LeetCodeX.xcdatamodeld in Sources */ = {isa = PBXBuildFile; fileRef = 53CC000E1DAAABD2008E3223 /* LeetCodeX.xcdatamodeld */; };
		53CC00151DAAABD2008E3223 /* LaunchScreen.storyboard in Resources */ = {isa = PBXBuildFile; fileRef = 53CC00131DAAABD2008E3223 /* LaunchScreen.storyboard */; };
		53CC00241DAAF600008E3223 /* LCXNavigationController.swift in Sources */ = {isa = PBXBuildFile; fileRef = 53CC00231DAAF600008E3223 /* LCXNavigationController.swift */; };
		53CC00261DAAF683008E3223 /* HomeViewController.swift in Sources */ = {isa = PBXBuildFile; fileRef = 53CC00251DAAF683008E3223 /* HomeViewController.swift */; };
		53CC00281DAAF777008E3223 /* LeftViewController.swift in Sources */ = {isa = PBXBuildFile; fileRef = 53CC00271DAAF777008E3223 /* LeftViewController.swift */; };
		53CC002A1DAAF785008E3223 /* RightViewController.swift in Sources */ = {isa = PBXBuildFile; fileRef = 53CC00291DAAF785008E3223 /* RightViewController.swift */; };
		53CC002C1DAAF979008E3223 /* LCXClient.swift in Sources */ = {isa = PBXBuildFile; fileRef = 53CC002B1DAAF979008E3223 /* LCXClient.swift */; };
		53CC002E1DAB39E7008E3223 /* ProblemListTableViewCell.swift in Sources */ = {isa = PBXBuildFile; fileRef = 53CC002D1DAB39E7008E3223 /* ProblemListTableViewCell.swift */; };
		53CC00321DAB4666008E3223 /* ProblemListModel.swift in Sources */ = {isa = PBXBuildFile; fileRef = 53CC00311DAB4666008E3223 /* ProblemListModel.swift */; };
		53CC00341DAB4CF9008E3223 /* LCXRefreshHeader.swift in Sources */ = {isa = PBXBuildFile; fileRef = 53CC00331DAB4CF9008E3223 /* LCXRefreshHeader.swift */; };
		AAE654DC8F62BBC6FF435915 /* Pods_LeetCodeX.framework in Frameworks */ = {isa = PBXBuildFile; fileRef = 90D76F32B692C3DB09BAECC5 /* Pods_LeetCodeX.framework */; };
/* End PBXBuildFile section */

/* Begin PBXFileReference section */
		1125882308A888610E9FC681 /* Pods-LeetCodeX.debug.xcconfig */ = {isa = PBXFileReference; includeInIndex = 1; lastKnownFileType = text.xcconfig; name = "Pods-LeetCodeX.debug.xcconfig"; path = "Pods/Target Support Files/Pods-LeetCodeX/Pods-LeetCodeX.debug.xcconfig"; sourceTree = "<group>"; };
		5329386F1DAF527500235BFF /* ProblemDetailTableViewCell.swift */ = {isa = PBXFileReference; fileEncoding = 4; lastKnownFileType = sourcecode.swift; lineEnding = 0; path = ProblemDetailTableViewCell.swift; sourceTree = "<group>"; xcLanguageSpecificationIdentifier = xcode.lang.swift; };
		532938711DAF528700235BFF /* DiscussionTableViewCell.swift */ = {isa = PBXFileReference; fileEncoding = 4; lastKnownFileType = sourcecode.swift; path = DiscussionTableViewCell.swift; sourceTree = "<group>"; };
		532938731DAF590900235BFF /* DiscussionModel.swift */ = {isa = PBXFileReference; fileEncoding = 4; lastKnownFileType = sourcecode.swift; lineEnding = 0; path = DiscussionModel.swift; sourceTree = "<group>"; xcLanguageSpecificationIdentifier = xcode.lang.swift; };
		5377F7AF1DACBB4100CB98A8 /* LCXResponse.swift */ = {isa = PBXFileReference; fileEncoding = 4; lastKnownFileType = sourcecode.swift; path = LCXResponse.swift; sourceTree = "<group>"; };
		5377F7B11DAD47B000CB98A8 /* LCXGlobals.swift */ = {isa = PBXFileReference; fileEncoding = 4; lastKnownFileType = sourcecode.swift; path = LCXGlobals.swift; sourceTree = "<group>"; };
		5377F7B31DAD535200CB98A8 /* RequestExtension.swift */ = {isa = PBXFileReference; fileEncoding = 4; lastKnownFileType = sourcecode.swift; path = RequestExtension.swift; sourceTree = "<group>"; };
		53871F281DAB5694002459AD /* LCXSettings.swift */ = {isa = PBXFileReference; fileEncoding = 4; lastKnownFileType = sourcecode.swift; path = LCXSettings.swift; sourceTree = "<group>"; };
		53871F2A1DAB56E0002459AD /* Assets.xcassets */ = {isa = PBXFileReference; lastKnownFileType = folder.assetcatalog; path = Assets.xcassets; sourceTree = "<group>"; };
		53871F2D1DAB56FC002459AD /* UIImageExtension.swift */ = {isa = PBXFileReference; fileEncoding = 4; lastKnownFileType = sourcecode.swift; path = UIImageExtension.swift; sourceTree = "<group>"; };
		53B850531DAE0FCC00145652 /* ProblemDetailViewController.swift */ = {isa = PBXFileReference; fileEncoding = 4; lastKnownFileType = sourcecode.swift; lineEnding = 0; path = ProblemDetailViewController.swift; sourceTree = "<group>"; xcLanguageSpecificationIdentifier = xcode.lang.swift; };
		53B850551DAE22A700145652 /* ProblemDetailModel.swift */ = {isa = PBXFileReference; fileEncoding = 4; lastKnownFileType = sourcecode.swift; lineEnding = 0; path = ProblemDetailModel.swift; sourceTree = "<group>"; xcLanguageSpecificationIdentifier = xcode.lang.swift; };
		53CC00041DAAABD2008E3223 /* LeetCodeX.app */ = {isa = PBXFileReference; explicitFileType = wrapper.application; includeInIndex = 0; path = LeetCodeX.app; sourceTree = BUILT_PRODUCTS_DIR; };
		53CC00071DAAABD2008E3223 /* AppDelegate.swift */ = {isa = PBXFileReference; lastKnownFileType = sourcecode.swift; path = AppDelegate.swift; sourceTree = "<group>"; };
		53CC00091DAAABD2008E3223 /* ViewController.swift */ = {isa = PBXFileReference; lastKnownFileType = sourcecode.swift; path = ViewController.swift; sourceTree = "<group>"; };
		53CC000C1DAAABD2008E3223 /* Base */ = {isa = PBXFileReference; lastKnownFileType = file.storyboard; name = Base; path = Base.lproj/Main.storyboard; sourceTree = "<group>"; };
		53CC000F1DAAABD2008E3223 /* LeetCodeX.xcdatamodel */ = {isa = PBXFileReference; lastKnownFileType = wrapper.xcdatamodel; path = LeetCodeX.xcdatamodel; sourceTree = "<group>"; };
		53CC00141DAAABD2008E3223 /* Base */ = {isa = PBXFileReference; lastKnownFileType = file.storyboard; name = Base; path = Base.lproj/LaunchScreen.storyboard; sourceTree = "<group>"; };
		53CC00161DAAABD2008E3223 /* Info.plist */ = {isa = PBXFileReference; lastKnownFileType = text.plist.xml; path = Info.plist; sourceTree = "<group>"; };
		53CC00231DAAF600008E3223 /* LCXNavigationController.swift */ = {isa = PBXFileReference; fileEncoding = 4; lastKnownFileType = sourcecode.swift; path = LCXNavigationController.swift; sourceTree = "<group>"; };
		53CC00251DAAF683008E3223 /* HomeViewController.swift */ = {isa = PBXFileReference; fileEncoding = 4; lastKnownFileType = sourcecode.swift; lineEnding = 0; path = HomeViewController.swift; sourceTree = "<group>"; xcLanguageSpecificationIdentifier = xcode.lang.swift; };
		53CC00271DAAF777008E3223 /* LeftViewController.swift */ = {isa = PBXFileReference; fileEncoding = 4; lastKnownFileType = sourcecode.swift; path = LeftViewController.swift; sourceTree = "<group>"; };
		53CC00291DAAF785008E3223 /* RightViewController.swift */ = {isa = PBXFileReference; fileEncoding = 4; lastKnownFileType = sourcecode.swift; path = RightViewController.swift; sourceTree = "<group>"; };
		53CC002B1DAAF979008E3223 /* LCXClient.swift */ = {isa = PBXFileReference; fileEncoding = 4; lastKnownFileType = sourcecode.swift; path = LCXClient.swift; sourceTree = "<group>"; };
		53CC002D1DAB39E7008E3223 /* ProblemListTableViewCell.swift */ = {isa = PBXFileReference; fileEncoding = 4; lastKnownFileType = sourcecode.swift; path = ProblemListTableViewCell.swift; sourceTree = "<group>"; };
		53CC00311DAB4666008E3223 /* ProblemListModel.swift */ = {isa = PBXFileReference; fileEncoding = 4; lastKnownFileType = sourcecode.swift; lineEnding = 0; path = ProblemListModel.swift; sourceTree = "<group>"; xcLanguageSpecificationIdentifier = xcode.lang.swift; };
		53CC00331DAB4CF9008E3223 /* LCXRefreshHeader.swift */ = {isa = PBXFileReference; fileEncoding = 4; lastKnownFileType = sourcecode.swift; name = LCXRefreshHeader.swift; path = Control/LCXRefreshHeader.swift; sourceTree = "<group>"; };
		90D76F32B692C3DB09BAECC5 /* Pods_LeetCodeX.framework */ = {isa = PBXFileReference; explicitFileType = wrapper.framework; includeInIndex = 0; path = Pods_LeetCodeX.framework; sourceTree = BUILT_PRODUCTS_DIR; };
		A50A912C2A9A62E6BD177131 /* Pods-LeetCodeX.release.xcconfig */ = {isa = PBXFileReference; includeInIndex = 1; lastKnownFileType = text.xcconfig; name = "Pods-LeetCodeX.release.xcconfig"; path = "Pods/Target Support Files/Pods-LeetCodeX/Pods-LeetCodeX.release.xcconfig"; sourceTree = "<group>"; };
/* End PBXFileReference section */

/* Begin PBXFrameworksBuildPhase section */
		53CC00011DAAABD2008E3223 /* Frameworks */ = {
			isa = PBXFrameworksBuildPhase;
			buildActionMask = 2147483647;
			files = (
				AAE654DC8F62BBC6FF435915 /* Pods_LeetCodeX.framework in Frameworks */,
			);
			runOnlyForDeploymentPostprocessing = 0;
		};
/* End PBXFrameworksBuildPhase section */

/* Begin PBXGroup section */
		53871F2C1DAB56FC002459AD /* extensions */ = {
			isa = PBXGroup;
			children = (
				53871F2D1DAB56FC002459AD /* UIImageExtension.swift */,
				5377F7B31DAD535200CB98A8 /* RequestExtension.swift */,
			);
			path = extensions;
			sourceTree = "<group>";
		};
		53CC00051DAAABD2008E3223 /* Products */ = {
			isa = PBXGroup;
			children = (
				53CC00041DAAABD2008E3223 /* LeetCodeX.app */,
			);
			name = Products;
			sourceTree = "<group>";
		};
		53CC00061DAAABD2008E3223 /* LeetCodeX */ = {
			isa = PBXGroup;
			children = (
				53CC00071DAAABD2008E3223 /* AppDelegate.swift */,
				53CC00231DAAF600008E3223 /* LCXNavigationController.swift */,
				53CC00091DAAABD2008E3223 /* ViewController.swift */,
				53CC000B1DAAABD2008E3223 /* Main.storyboard */,
				53CC00131DAAABD2008E3223 /* LaunchScreen.storyboard */,
				53CC00161DAAABD2008E3223 /* Info.plist */,
				53CC000E1DAAABD2008E3223 /* LeetCodeX.xcdatamodeld */,
			);
			path = LeetCodeX;
			sourceTree = "<group>";
		};
		53CC001E1DAAF36C008E3223 /* Common */ = {
			isa = PBXGroup;
			children = (
				53871F2C1DAB56FC002459AD /* extensions */,
				53871F281DAB5694002459AD /* LCXSettings.swift */,
				53CC002B1DAAF979008E3223 /* LCXClient.swift */,
				5377F7AF1DACBB4100CB98A8 /* LCXResponse.swift */,
				5377F7B11DAD47B000CB98A8 /* LCXGlobals.swift */,
			);
			path = Common;
			sourceTree = "<group>";
		};
		53CC001F1DAAF36C008E3223 /* Controllers */ = {
			isa = PBXGroup;
			children = (
				53CC00251DAAF683008E3223 /* HomeViewController.swift */,
				53B850531DAE0FCC00145652 /* ProblemDetailViewController.swift */,
				53CC00271DAAF777008E3223 /* LeftViewController.swift */,
				53CC00291DAAF785008E3223 /* RightViewController.swift */,
			);
			path = Controllers;
			sourceTree = "<group>";
		};
		53CC00201DAAF36C008E3223 /* Models */ = {
			isa = PBXGroup;
			children = (
				53CC00311DAB4666008E3223 /* ProblemListModel.swift */,
				53B850551DAE22A700145652 /* ProblemDetailModel.swift */,
				532938731DAF590900235BFF /* DiscussionModel.swift */,
			);
			path = Models;
			sourceTree = "<group>";
		};
		53CC00211DAAF36C008E3223 /* Resources */ = {
			isa = PBXGroup;
			children = (
				53871F2A1DAB56E0002459AD /* Assets.xcassets */,
			);
			path = Resources;
			sourceTree = "<group>";
		};
		53CC00221DAAF36C008E3223 /* Views */ = {
			isa = PBXGroup;
			children = (
				53CC00351DAB4D02008E3223 /* Control */,
				53CC002D1DAB39E7008E3223 /* ProblemListTableViewCell.swift */,
				5329386F1DAF527500235BFF /* ProblemDetailTableViewCell.swift */,
				532938711DAF528700235BFF /* DiscussionTableViewCell.swift */,
			);
			path = Views;
			sourceTree = "<group>";
		};
		53CC00351DAB4D02008E3223 /* Control */ = {
			isa = PBXGroup;
			children = (
				53CC00331DAB4CF9008E3223 /* LCXRefreshHeader.swift */,
			);
			name = Control;
			sourceTree = "<group>";
		};
		53CCFFFB1DAAABD2008E3223 = {
			isa = PBXGroup;
			children = (
				53CC001E1DAAF36C008E3223 /* Common */,
				53CC001F1DAAF36C008E3223 /* Controllers */,
				53CC00201DAAF36C008E3223 /* Models */,
				53CC00211DAAF36C008E3223 /* Resources */,
				53CC00221DAAF36C008E3223 /* Views */,
				53CC00061DAAABD2008E3223 /* LeetCodeX */,
				53CC00051DAAABD2008E3223 /* Products */,
				F28981E73FF113068E42A8F5 /* Frameworks */,
				7AD24072DBD9FF2E66378AC2 /* Pods */,
			);
			sourceTree = "<group>";
		};
		7AD24072DBD9FF2E66378AC2 /* Pods */ = {
			isa = PBXGroup;
			children = (
				1125882308A888610E9FC681 /* Pods-LeetCodeX.debug.xcconfig */,
				A50A912C2A9A62E6BD177131 /* Pods-LeetCodeX.release.xcconfig */,
			);
			name = Pods;
			sourceTree = "<group>";
		};
		F28981E73FF113068E42A8F5 /* Frameworks */ = {
			isa = PBXGroup;
			children = (
				90D76F32B692C3DB09BAECC5 /* Pods_LeetCodeX.framework */,
			);
			name = Frameworks;
			sourceTree = "<group>";
		};
/* End PBXGroup section */

/* Begin PBXNativeTarget section */
		53CC00031DAAABD2008E3223 /* LeetCodeX */ = {
			isa = PBXNativeTarget;
			buildConfigurationList = 53CC00191DAAABD2008E3223 /* Build configuration list for PBXNativeTarget "LeetCodeX" */;
			buildPhases = (
				E9EB041A21725DCABDE6E0D1 /* [CP] Check Pods Manifest.lock */,
				53CC00001DAAABD2008E3223 /* Sources */,
				53CC00011DAAABD2008E3223 /* Frameworks */,
				53CC00021DAAABD2008E3223 /* Resources */,
				7DE5D5EB09D9989B19C03190 /* [CP] Embed Pods Frameworks */,
				BD70001E6B4F163532E66972 /* [CP] Copy Pods Resources */,
			);
			buildRules = (
			);
			dependencies = (
			);
			name = LeetCodeX;
			productName = LeetCodeX;
			productReference = 53CC00041DAAABD2008E3223 /* LeetCodeX.app */;
			productType = "com.apple.product-type.application";
		};
/* End PBXNativeTarget section */

/* Begin PBXProject section */
		53CCFFFC1DAAABD2008E3223 /* Project object */ = {
			isa = PBXProject;
			attributes = {
				LastSwiftUpdateCheck = 0800;
				LastUpgradeCheck = 0800;
				ORGANIZATIONNAME = "Xingan Wang";
				TargetAttributes = {
					53CC00031DAAABD2008E3223 = {
						CreatedOnToolsVersion = 8.0;
						DevelopmentTeam = 4K2JB5Z92M;
						ProvisioningStyle = Automatic;
					};
				};
			};
			buildConfigurationList = 53CCFFFF1DAAABD2008E3223 /* Build configuration list for PBXProject "LeetCodeX" */;
			compatibilityVersion = "Xcode 3.2";
			developmentRegion = English;
			hasScannedForEncodings = 0;
			knownRegions = (
				en,
				Base,
			);
			mainGroup = 53CCFFFB1DAAABD2008E3223;
			productRefGroup = 53CC00051DAAABD2008E3223 /* Products */;
			projectDirPath = "";
			projectRoot = "";
			targets = (
				53CC00031DAAABD2008E3223 /* LeetCodeX */,
			);
		};
/* End PBXProject section */

/* Begin PBXResourcesBuildPhase section */
		53CC00021DAAABD2008E3223 /* Resources */ = {
			isa = PBXResourcesBuildPhase;
			buildActionMask = 2147483647;
			files = (
				53CC00151DAAABD2008E3223 /* LaunchScreen.storyboard in Resources */,
				53871F2B1DAB56E0002459AD /* Assets.xcassets in Resources */,
				53CC000D1DAAABD2008E3223 /* Main.storyboard in Resources */,
			);
			runOnlyForDeploymentPostprocessing = 0;
		};
/* End PBXResourcesBuildPhase section */

/* Begin PBXShellScriptBuildPhase section */
		7DE5D5EB09D9989B19C03190 /* [CP] Embed Pods Frameworks */ = {
			isa = PBXShellScriptBuildPhase;
			buildActionMask = 2147483647;
			files = (
			);
			inputPaths = (
			);
			name = "[CP] Embed Pods Frameworks";
			outputPaths = (
			);
			runOnlyForDeploymentPostprocessing = 0;
			shellPath = /bin/sh;
			shellScript = "\"${SRCROOT}/Pods/Target Support Files/Pods-LeetCodeX/Pods-LeetCodeX-frameworks.sh\"\n";
			showEnvVarsInLog = 0;
		};
		BD70001E6B4F163532E66972 /* [CP] Copy Pods Resources */ = {
			isa = PBXShellScriptBuildPhase;
			buildActionMask = 2147483647;
			files = (
			);
			inputPaths = (
			);
			name = "[CP] Copy Pods Resources";
			outputPaths = (
			);
			runOnlyForDeploymentPostprocessing = 0;
			shellPath = /bin/sh;
			shellScript = "\"${SRCROOT}/Pods/Target Support Files/Pods-LeetCodeX/Pods-LeetCodeX-resources.sh\"\n";
			showEnvVarsInLog = 0;
		};
		E9EB041A21725DCABDE6E0D1 /* [CP] Check Pods Manifest.lock */ = {
			isa = PBXShellScriptBuildPhase;
			buildActionMask = 2147483647;
			files = (
			);
			inputPaths = (
			);
			name = "[CP] Check Pods Manifest.lock";
			outputPaths = (
			);
			runOnlyForDeploymentPostprocessing = 0;
			shellPath = /bin/sh;
			shellScript = "diff \"${PODS_ROOT}/../Podfile.lock\" \"${PODS_ROOT}/Manifest.lock\" > /dev/null\nif [ $? != 0 ] ; then\n    # print error to STDERR\n    echo \"error: The sandbox is not in sync with the Podfile.lock. Run 'pod install' or update your CocoaPods installation.\" >&2\n    exit 1\nfi\n";
			showEnvVarsInLog = 0;
		};
/* End PBXShellScriptBuildPhase section */

/* Begin PBXSourcesBuildPhase section */
		53CC00001DAAABD2008E3223 /* Sources */ = {
			isa = PBXSourcesBuildPhase;
			buildActionMask = 2147483647;
			files = (
				5377F7B01DACBB4100CB98A8 /* LCXResponse.swift in Sources */,
				53871F291DAB5694002459AD /* LCXSettings.swift in Sources */,
				53CC00341DAB4CF9008E3223 /* LCXRefreshHeader.swift in Sources */,
				53CC002C1DAAF979008E3223 /* LCXClient.swift in Sources */,
				53CC00261DAAF683008E3223 /* HomeViewController.swift in Sources */,
				53CC00321DAB4666008E3223 /* ProblemListModel.swift in Sources */,
				53CC002E1DAB39E7008E3223 /* ProblemListTableViewCell.swift in Sources */,
				5377F7B41DAD535200CB98A8 /* RequestExtension.swift in Sources */,
				53CC002A1DAAF785008E3223 /* RightViewController.swift in Sources */,
				53CC000A1DAAABD2008E3223 /* ViewController.swift in Sources */,
				53CC00081DAAABD2008E3223 /* AppDelegate.swift in Sources */,
				532938741DAF590900235BFF /* DiscussionModel.swift in Sources */,
				532938721DAF528700235BFF /* DiscussionTableViewCell.swift in Sources */,
				53871F2E1DAB56FC002459AD /* UIImageExtension.swift in Sources */,
				532938701DAF527500235BFF /* ProblemDetailTableViewCell.swift in Sources */,
				53B850561DAE22A700145652 /* ProblemDetailModel.swift in Sources */,
				53CC00281DAAF777008E3223 /* LeftViewController.swift in Sources */,
				5377F7B21DAD47B000CB98A8 /* LCXGlobals.swift in Sources */,
				53B850541DAE0FCC00145652 /* ProblemDetailViewController.swift in Sources */,
				53CC00101DAAABD2008E3223 /* LeetCodeX.xcdatamodeld in Sources */,
				53CC00241DAAF600008E3223 /* LCXNavigationController.swift in Sources */,
			);
			runOnlyForDeploymentPostprocessing = 0;
		};
/* End PBXSourcesBuildPhase section */

/* Begin PBXVariantGroup section */
		53CC000B1DAAABD2008E3223 /* Main.storyboard */ = {
			isa = PBXVariantGroup;
			children = (
				53CC000C1DAAABD2008E3223 /* Base */,
			);
			name = Main.storyboard;
			sourceTree = "<group>";
		};
		53CC00131DAAABD2008E3223 /* LaunchScreen.storyboard */ = {
			isa = PBXVariantGroup;
			children = (
				53CC00141DAAABD2008E3223 /* Base */,
			);
			name = LaunchScreen.storyboard;
			sourceTree = "<group>";
		};
/* End PBXVariantGroup section */

/* Begin XCBuildConfiguration section */
		53CC00171DAAABD2008E3223 /* Debug */ = {
			isa = XCBuildConfiguration;
			buildSettings = {
				ALWAYS_SEARCH_USER_PATHS = NO;
				CLANG_ANALYZER_NONNULL = YES;
				CLANG_CXX_LANGUAGE_STANDARD = "gnu++0x";
				CLANG_CXX_LIBRARY = "libc++";
				CLANG_ENABLE_MODULES = YES;
				CLANG_ENABLE_OBJC_ARC = YES;
				CLANG_WARN_BOOL_CONVERSION = YES;
				CLANG_WARN_CONSTANT_CONVERSION = YES;
				CLANG_WARN_DIRECT_OBJC_ISA_USAGE = YES_ERROR;
				CLANG_WARN_DOCUMENTATION_COMMENTS = YES;
				CLANG_WARN_EMPTY_BODY = YES;
				CLANG_WARN_ENUM_CONVERSION = YES;
				CLANG_WARN_INFINITE_RECURSION = YES;
				CLANG_WARN_INT_CONVERSION = YES;
				CLANG_WARN_OBJC_ROOT_CLASS = YES_ERROR;
				CLANG_WARN_SUSPICIOUS_MOVE = YES;
				CLANG_WARN_SUSPICIOUS_MOVES = YES;
				CLANG_WARN_UNREACHABLE_CODE = YES;
				CLANG_WARN__DUPLICATE_METHOD_MATCH = YES;
				"CODE_SIGN_IDENTITY[sdk=iphoneos*]" = "iPhone Developer";
				COPY_PHASE_STRIP = NO;
				DEBUG_INFORMATION_FORMAT = dwarf;
				ENABLE_STRICT_OBJC_MSGSEND = YES;
				ENABLE_TESTABILITY = YES;
				GCC_C_LANGUAGE_STANDARD = gnu99;
				GCC_DYNAMIC_NO_PIC = NO;
				GCC_NO_COMMON_BLOCKS = YES;
				GCC_OPTIMIZATION_LEVEL = 0;
				GCC_PREPROCESSOR_DEFINITIONS = (
					"DEBUG=1",
					"$(inherited)",
				);
				GCC_WARN_64_TO_32_BIT_CONVERSION = YES;
				GCC_WARN_ABOUT_RETURN_TYPE = YES_ERROR;
				GCC_WARN_UNDECLARED_SELECTOR = YES;
				GCC_WARN_UNINITIALIZED_AUTOS = YES_AGGRESSIVE;
				GCC_WARN_UNUSED_FUNCTION = YES;
				GCC_WARN_UNUSED_VARIABLE = YES;
				IPHONEOS_DEPLOYMENT_TARGET = 10.0;
				MTL_ENABLE_DEBUG_INFO = YES;
				ONLY_ACTIVE_ARCH = YES;
				SDKROOT = iphoneos;
				SWIFT_ACTIVE_COMPILATION_CONDITIONS = DEBUG;
				SWIFT_OPTIMIZATION_LEVEL = "-Onone";
				TARGETED_DEVICE_FAMILY = "1,2";
			};
			name = Debug;
		};
		53CC00181DAAABD2008E3223 /* Release */ = {
			isa = XCBuildConfiguration;
			buildSettings = {
				ALWAYS_SEARCH_USER_PATHS = NO;
				CLANG_ANALYZER_NONNULL = YES;
				CLANG_CXX_LANGUAGE_STANDARD = "gnu++0x";
				CLANG_CXX_LIBRARY = "libc++";
				CLANG_ENABLE_MODULES = YES;
				CLANG_ENABLE_OBJC_ARC = YES;
				CLANG_WARN_BOOL_CONVERSION = YES;
				CLANG_WARN_CONSTANT_CONVERSION = YES;
				CLANG_WARN_DIRECT_OBJC_ISA_USAGE = YES_ERROR;
				CLANG_WARN_DOCUMENTATION_COMMENTS = YES;
				CLANG_WARN_EMPTY_BODY = YES;
				CLANG_WARN_ENUM_CONVERSION = YES;
				CLANG_WARN_INFINITE_RECURSION = YES;
				CLANG_WARN_INT_CONVERSION = YES;
				CLANG_WARN_OBJC_ROOT_CLASS = YES_ERROR;
				CLANG_WARN_SUSPICIOUS_MOVE = YES;
				CLANG_WARN_SUSPICIOUS_MOVES = YES;
				CLANG_WARN_UNREACHABLE_CODE = YES;
				CLANG_WARN__DUPLICATE_METHOD_MATCH = YES;
				"CODE_SIGN_IDENTITY[sdk=iphoneos*]" = "iPhone Developer";
				COPY_PHASE_STRIP = NO;
				DEBUG_INFORMATION_FORMAT = "dwarf-with-dsym";
				ENABLE_NS_ASSERTIONS = NO;
				ENABLE_STRICT_OBJC_MSGSEND = YES;
				GCC_C_LANGUAGE_STANDARD = gnu99;
				GCC_NO_COMMON_BLOCKS = YES;
				GCC_WARN_64_TO_32_BIT_CONVERSION = YES;
				GCC_WARN_ABOUT_RETURN_TYPE = YES_ERROR;
				GCC_WARN_UNDECLARED_SELECTOR = YES;
				GCC_WARN_UNINITIALIZED_AUTOS = YES_AGGRESSIVE;
				GCC_WARN_UNUSED_FUNCTION = YES;
				GCC_WARN_UNUSED_VARIABLE = YES;
				IPHONEOS_DEPLOYMENT_TARGET = 10.0;
				MTL_ENABLE_DEBUG_INFO = NO;
				SDKROOT = iphoneos;
				SWIFT_OPTIMIZATION_LEVEL = "-Owholemodule";
				TARGETED_DEVICE_FAMILY = "1,2";
				VALIDATE_PRODUCT = YES;
			};
			name = Release;
		};
		53CC001A1DAAABD2008E3223 /* Debug */ = {
			isa = XCBuildConfiguration;
			baseConfigurationReference = 1125882308A888610E9FC681 /* Pods-LeetCodeX.debug.xcconfig */;
			buildSettings = {
				ALWAYS_EMBED_SWIFT_STANDARD_LIBRARIES = YES;
				ASSETCATALOG_COMPILER_APPICON_NAME = AppIcon;
				DEVELOPMENT_TEAM = 4K2JB5Z92M;
				INFOPLIST_FILE = LeetCodeX/Info.plist;
				LD_RUNPATH_SEARCH_PATHS = "$(inherited) @executable_path/Frameworks";
				PRODUCT_BUNDLE_IDENTIFIER = me.xgwang.LeetCodeX;
				PRODUCT_NAME = "$(TARGET_NAME)";
				SWIFT_VERSION = 3.0;
			};
			name = Debug;
		};
		53CC001B1DAAABD2008E3223 /* Release */ = {
			isa = XCBuildConfiguration;
			baseConfigurationReference = A50A912C2A9A62E6BD177131 /* Pods-LeetCodeX.release.xcconfig */;
			buildSettings = {
				ALWAYS_EMBED_SWIFT_STANDARD_LIBRARIES = YES;
				ASSETCATALOG_COMPILER_APPICON_NAME = AppIcon;
				DEVELOPMENT_TEAM = 4K2JB5Z92M;
				INFOPLIST_FILE = LeetCodeX/Info.plist;
				LD_RUNPATH_SEARCH_PATHS = "$(inherited) @executable_path/Frameworks";
				PRODUCT_BUNDLE_IDENTIFIER = me.xgwang.LeetCodeX;
				PRODUCT_NAME = "$(TARGET_NAME)";
				SWIFT_VERSION = 3.0;
			};
			name = Release;
		};
/* End XCBuildConfiguration section */

/* Begin XCConfigurationList section */
		53CC00191DAAABD2008E3223 /* Build configuration list for PBXNativeTarget "LeetCodeX" */ = {
			isa = XCConfigurationList;
			buildConfigurations = (
				53CC001A1DAAABD2008E3223 /* Debug */,
				53CC001B1DAAABD2008E3223 /* Release */,
			);
			defaultConfigurationIsVisible = 0;
			defaultConfigurationName = Release;
		};
		53CCFFFF1DAAABD2008E3223 /* Build configuration list for PBXProject "LeetCodeX" */ = {
			isa = XCConfigurationList;
			buildConfigurations = (
				53CC00171DAAABD2008E3223 /* Debug */,
				53CC00181DAAABD2008E3223 /* Release */,
			);
			defaultConfigurationIsVisible = 0;
			defaultConfigurationName = Release;
		};
/* End XCConfigurationList section */

/* Begin XCVersionGroup section */
		53CC000E1DAAABD2008E3223 /* LeetCodeX.xcdatamodeld */ = {
			isa = XCVersionGroup;
			children = (
				53CC000F1DAAABD2008E3223 /* LeetCodeX.xcdatamodel */,
			);
			currentVersion = 53CC000F1DAAABD2008E3223 /* LeetCodeX.xcdatamodel */;
			path = LeetCodeX.xcdatamodeld;
			sourceTree = "<group>";
			versionGroupType = wrapper.xcdatamodel;
		};
/* End XCVersionGroup section */
	};
	rootObject = 53CCFFFC1DAAABD2008E3223 /* Project object */;
}
